
Microsoft Visual Studio Solution File, Format Version 12.00
# Visual Studio Version 17
VisualStudioVersion = 17.5.2.0
MinimumVisualStudioVersion = 10.0.40219.1
Project("{2150E333-8FDC-42A3-9474-1A3956D46DE8}") = "src", "src", "{827E0CD3-B72D-47B6-A68D-7590B98EB39B}"
EndProject
Project("{FAE04EC0-301F-11D3-BF4B-00C04F79EFBC}") = "Domain", "src\Domain\Domain.csproj", "{87EDA1D2-4B5B-E524-38CE-D0BFCA5F4D6B}"
EndProject
Project("{2150E333-8FDC-42A3-9474-1A3956D46DE8}") = "tests", "tests", "{0AB3BF05-4346-4AA6-1389-037BE0695223}"
EndProject
Project("{FAE04EC0-301F-11D3-BF4B-00C04F79EFBC}") = "Domain.Tests", "tests\Domain.Tests\Domain.Tests.csproj", "{82F95946-F5E9-4295-9C32-C50107569113}"
EndProject
Project("{FAE04EC0-301F-11D3-BF4B-00C04F79EFBC}") = "Infra.Database", "src\Infra.Database\Infra.Database.csproj", "{262AD4EC-74E6-4C4E-8F4A-D4CBFD72E26A}"
EndProject
Project("{FAE04EC0-301F-11D3-BF4B-00C04F79EFBC}") = "Infra.Database.Tests", "tests\Infra.Database.Tests\Infra.Database.Tests.csproj", "{C9F92D33-B444-40FE-A121-3F3E48D606E5}"
EndProject
Project("{FAE04EC0-301F-11D3-BF4B-00C04F79EFBC}") = "Infra.Message", "src\Infra.Message\Infra.Message.csproj", "{F9BC79A6-6325-4B3E-A0E9-BB6293A68BBF}"
EndProject
Project("{FAE04EC0-301F-11D3-BF4B-00C04F79EFBC}") = "UseCases", "src\UseCases\UseCases.csproj", "{7EED0F7A-3A1C-4ED7-9F49-53EAF8BA4C35}"
EndProject
Project("{FAE04EC0-301F-11D3-BF4B-00C04F79EFBC}") = "UseCases.Tests", "tests\UseCases.Tests\UseCases.Tests.csproj", "{5CF69F83-3FAE-48F1-9EA7-DF5F062CCE02}"
EndProject
Project("{FAE04EC0-301F-11D3-BF4B-00C04F79EFBC}") = "Services.Pix", "src\Services.Pix\Services.Pix.csproj", "{5D283FA1-BA19-4263-8A9F-370DE44E25F5}"
EndProject
Project("{FAE04EC0-301F-11D3-BF4B-00C04F79EFBC}") = "Services.Money", "src\Services.Money\Services.Money.csproj", "{D62B8FC3-1340-4BC5-9973-30458D45BEA5}"
EndProject
Project("{FAE04EC0-301F-11D3-BF4B-00C04F79EFBC}") = "Services.Card", "src\Services.Card\Services.Card.csproj", "{191987B9-DB3B-4097-BD35-110C3D88F716}"
EndProject
Project("{FAE04EC0-301F-11D3-BF4B-00C04F79EFBC}") = "Services.Heartbeats", "src\Services.Heartbeats\Services.Heartbeats.csproj", "{7008277F-77D3-4746-B1DB-2A781F30116D}"
EndProject
Project("{FAE04EC0-301F-11D3-BF4B-00C04F79EFBC}") = "Mock.Transactions", "src\Mock.Transactions\Mock.Transactions.csproj", "{6E6C0AB4-DA6D-4C72-9BC5-E125E9EE0A22}"
EndProject
Project("{FAE04EC0-301F-11D3-BF4B-00C04F79EFBC}") = "Shared", "src\Shared\Shared.csproj", "{A3C047CE-704D-4C70-9C22-6A4934D1F558}"
EndProject
Project("{FAE04EC0-301F-11D3-BF4B-00C04F79EFBC}") = "MyNewLittleBank.Tests.Integration", "tests\Integration\MyNewLittleBank.Tests.Integration.csproj", "{D54DA22E-3E16-431B-BCB6-FEEA21052B27}"
EndProject
Project("{FAE04EC0-301F-11D3-BF4B-00C04F79EFBC}") = "API", "src\API\API.csproj", "{B1243E16-9D29-48F3-8E93-606815DD4CDD}"
EndProject
Global
	GlobalSection(SolutionConfigurationPlatforms) = preSolution
		Debug|Any CPU = Debug|Any CPU
		Debug|x64 = Debug|x64
		Debug|x86 = Debug|x86
		Release|Any CPU = Release|Any CPU
		Release|x64 = Release|x64
		Release|x86 = Release|x86
	EndGlobalSection
	GlobalSection(ProjectConfigurationPlatforms) = postSolution
		{87EDA1D2-4B5B-E524-38CE-D0BFCA5F4D6B}.Debug|Any CPU.ActiveCfg = Debug|Any CPU
		{87EDA1D2-4B5B-E524-38CE-D0BFCA5F4D6B}.Debug|Any CPU.Build.0 = Debug|Any CPU
		{87EDA1D2-4B5B-E524-38CE-D0BFCA5F4D6B}.Debug|x64.ActiveCfg = Debug|Any CPU
		{87EDA1D2-4B5B-E524-38CE-D0BFCA5F4D6B}.Debug|x64.Build.0 = Debug|Any CPU
		{87EDA1D2-4B5B-E524-38CE-D0BFCA5F4D6B}.Debug|x86.ActiveCfg = Debug|Any CPU
		{87EDA1D2-4B5B-E524-38CE-D0BFCA5F4D6B}.Debug|x86.Build.0 = Debug|Any CPU
		{87EDA1D2-4B5B-E524-38CE-D0BFCA5F4D6B}.Release|Any CPU.ActiveCfg = Release|Any CPU
		{87EDA1D2-4B5B-E524-38CE-D0BFCA5F4D6B}.Release|Any CPU.Build.0 = Release|Any CPU
		{87EDA1D2-4B5B-E524-38CE-D0BFCA5F4D6B}.Release|x64.ActiveCfg = Release|Any CPU
		{87EDA1D2-4B5B-E524-38CE-D0BFCA5F4D6B}.Release|x64.Build.0 = Release|Any CPU
		{87EDA1D2-4B5B-E524-38CE-D0BFCA5F4D6B}.Release|x86.ActiveCfg = Release|Any CPU
		{87EDA1D2-4B5B-E524-38CE-D0BFCA5F4D6B}.Release|x86.Build.0 = Release|Any CPU
		{82F95946-F5E9-4295-9C32-C50107569113}.Debug|Any CPU.ActiveCfg = Debug|Any CPU
		{82F95946-F5E9-4295-9C32-C50107569113}.Debug|Any CPU.Build.0 = Debug|Any CPU
		{82F95946-F5E9-4295-9C32-C50107569113}.Debug|x64.ActiveCfg = Debug|Any CPU
		{82F95946-F5E9-4295-9C32-C50107569113}.Debug|x64.Build.0 = Debug|Any CPU
		{82F95946-F5E9-4295-9C32-C50107569113}.Debug|x86.ActiveCfg = Debug|Any CPU
		{82F95946-F5E9-4295-9C32-C50107569113}.Debug|x86.Build.0 = Debug|Any CPU
		{82F95946-F5E9-4295-9C32-C50107569113}.Release|Any CPU.ActiveCfg = Release|Any CPU
		{82F95946-F5E9-4295-9C32-C50107569113}.Release|Any CPU.Build.0 = Release|Any CPU
		{82F95946-F5E9-4295-9C32-C50107569113}.Release|x64.ActiveCfg = Release|Any CPU
		{82F95946-F5E9-4295-9C32-C50107569113}.Release|x64.Build.0 = Release|Any CPU
		{82F95946-F5E9-4295-9C32-C50107569113}.Release|x86.ActiveCfg = Release|Any CPU
		{82F95946-F5E9-4295-9C32-C50107569113}.Release|x86.Build.0 = Release|Any CPU
		{262AD4EC-74E6-4C4E-8F4A-D4CBFD72E26A}.Debug|Any CPU.ActiveCfg = Debug|Any CPU
		{262AD4EC-74E6-4C4E-8F4A-D4CBFD72E26A}.Debug|Any CPU.Build.0 = Debug|Any CPU
		{262AD4EC-74E6-4C4E-8F4A-D4CBFD72E26A}.Debug|x64.ActiveCfg = Debug|Any CPU
		{262AD4EC-74E6-4C4E-8F4A-D4CBFD72E26A}.Debug|x64.Build.0 = Debug|Any CPU
		{262AD4EC-74E6-4C4E-8F4A-D4CBFD72E26A}.Debug|x86.ActiveCfg = Debug|Any CPU
		{262AD4EC-74E6-4C4E-8F4A-D4CBFD72E26A}.Debug|x86.Build.0 = Debug|Any CPU
		{262AD4EC-74E6-4C4E-8F4A-D4CBFD72E26A}.Release|Any CPU.ActiveCfg = Release|Any CPU
		{262AD4EC-74E6-4C4E-8F4A-D4CBFD72E26A}.Release|Any CPU.Build.0 = Release|Any CPU
		{262AD4EC-74E6-4C4E-8F4A-D4CBFD72E26A}.Release|x64.ActiveCfg = Release|Any CPU
		{262AD4EC-74E6-4C4E-8F4A-D4CBFD72E26A}.Release|x64.Build.0 = Release|Any CPU
		{262AD4EC-74E6-4C4E-8F4A-D4CBFD72E26A}.Release|x86.ActiveCfg = Release|Any CPU
		{262AD4EC-74E6-4C4E-8F4A-D4CBFD72E26A}.Release|x86.Build.0 = Release|Any CPU
		{C9F92D33-B444-40FE-A121-3F3E48D606E5}.Debug|Any CPU.ActiveCfg = Debug|Any CPU
		{C9F92D33-B444-40FE-A121-3F3E48D606E5}.Debug|Any CPU.Build.0 = Debug|Any CPU
		{C9F92D33-B444-40FE-A121-3F3E48D606E5}.Debug|x64.ActiveCfg = Debug|Any CPU
		{C9F92D33-B444-40FE-A121-3F3E48D606E5}.Debug|x64.Build.0 = Debug|Any CPU
		{C9F92D33-B444-40FE-A121-3F3E48D606E5}.Debug|x86.ActiveCfg = Debug|Any CPU
		{C9F92D33-B444-40FE-A121-3F3E48D606E5}.Debug|x86.Build.0 = Debug|Any CPU
		{C9F92D33-B444-40FE-A121-3F3E48D606E5}.Release|Any CPU.ActiveCfg = Release|Any CPU
		{C9F92D33-B444-40FE-A121-3F3E48D606E5}.Release|Any CPU.Build.0 = Release|Any CPU
		{C9F92D33-B444-40FE-A121-3F3E48D606E5}.Release|x64.ActiveCfg = Release|Any CPU
		{C9F92D33-B444-40FE-A121-3F3E48D606E5}.Release|x64.Build.0 = Release|Any CPU
		{C9F92D33-B444-40FE-A121-3F3E48D606E5}.Release|x86.ActiveCfg = Release|Any CPU
		{C9F92D33-B444-40FE-A121-3F3E48D606E5}.Release|x86.Build.0 = Release|Any CPU
		{F9BC79A6-6325-4B3E-A0E9-BB6293A68BBF}.Debug|Any CPU.ActiveCfg = Debug|Any CPU
		{F9BC79A6-6325-4B3E-A0E9-BB6293A68BBF}.Debug|Any CPU.Build.0 = Debug|Any CPU
		{F9BC79A6-6325-4B3E-A0E9-BB6293A68BBF}.Debug|x64.ActiveCfg = Debug|Any CPU
		{F9BC79A6-6325-4B3E-A0E9-BB6293A68BBF}.Debug|x64.Build.0 = Debug|Any CPU
		{F9BC79A6-6325-4B3E-A0E9-BB6293A68BBF}.Debug|x86.ActiveCfg = Debug|Any CPU
		{F9BC79A6-6325-4B3E-A0E9-BB6293A68BBF}.Debug|x86.Build.0 = Debug|Any CPU
		{F9BC79A6-6325-4B3E-A0E9-BB6293A68BBF}.Release|Any CPU.ActiveCfg = Release|Any CPU
		{F9BC79A6-6325-4B3E-A0E9-BB6293A68BBF}.Release|Any CPU.Build.0 = Release|Any CPU
		{F9BC79A6-6325-4B3E-A0E9-BB6293A68BBF}.Release|x64.ActiveCfg = Release|Any CPU
		{F9BC79A6-6325-4B3E-A0E9-BB6293A68BBF}.Release|x64.Build.0 = Release|Any CPU
		{F9BC79A6-6325-4B3E-A0E9-BB6293A68BBF}.Release|x86.ActiveCfg = Release|Any CPU
		{F9BC79A6-6325-4B3E-A0E9-BB6293A68BBF}.Release|x86.Build.0 = Release|Any CPU
		{7EED0F7A-3A1C-4ED7-9F49-53EAF8BA4C35}.Debug|Any CPU.ActiveCfg = Debug|Any CPU
		{7EED0F7A-3A1C-4ED7-9F49-53EAF8BA4C35}.Debug|Any CPU.Build.0 = Debug|Any CPU
		{7EED0F7A-3A1C-4ED7-9F49-53EAF8BA4C35}.Debug|x64.ActiveCfg = Debug|Any CPU
		{7EED0F7A-3A1C-4ED7-9F49-53EAF8BA4C35}.Debug|x64.Build.0 = Debug|Any CPU
		{7EED0F7A-3A1C-4ED7-9F49-53EAF8BA4C35}.Debug|x86.ActiveCfg = Debug|Any CPU
		{7EED0F7A-3A1C-4ED7-9F49-53EAF8BA4C35}.Debug|x86.Build.0 = Debug|Any CPU
		{7EED0F7A-3A1C-4ED7-9F49-53EAF8BA4C35}.Release|Any CPU.ActiveCfg = Release|Any CPU
		{7EED0F7A-3A1C-4ED7-9F49-53EAF8BA4C35}.Release|Any CPU.Build.0 = Release|Any CPU
		{7EED0F7A-3A1C-4ED7-9F49-53EAF8BA4C35}.Release|x64.ActiveCfg = Release|Any CPU
		{7EED0F7A-3A1C-4ED7-9F49-53EAF8BA4C35}.Release|x64.Build.0 = Release|Any CPU
		{7EED0F7A-3A1C-4ED7-9F49-53EAF8BA4C35}.Release|x86.ActiveCfg = Release|Any CPU
		{7EED0F7A-3A1C-4ED7-9F49-53EAF8BA4C35}.Release|x86.Build.0 = Release|Any CPU
		{5CF69F83-3FAE-48F1-9EA7-DF5F062CCE02}.Debug|Any CPU.ActiveCfg = Debug|Any CPU
		{5CF69F83-3FAE-48F1-9EA7-DF5F062CCE02}.Debug|Any CPU.Build.0 = Debug|Any CPU
		{5CF69F83-3FAE-48F1-9EA7-DF5F062CCE02}.Debug|x64.ActiveCfg = Debug|Any CPU
		{5CF69F83-3FAE-48F1-9EA7-DF5F062CCE02}.Debug|x64.Build.0 = Debug|Any CPU
		{5CF69F83-3FAE-48F1-9EA7-DF5F062CCE02}.Debug|x86.ActiveCfg = Debug|Any CPU
		{5CF69F83-3FAE-48F1-9EA7-DF5F062CCE02}.Debug|x86.Build.0 = Debug|Any CPU
		{5CF69F83-3FAE-48F1-9EA7-DF5F062CCE02}.Release|Any CPU.ActiveCfg = Release|Any CPU
		{5CF69F83-3FAE-48F1-9EA7-DF5F062CCE02}.Release|Any CPU.Build.0 = Release|Any CPU
		{5CF69F83-3FAE-48F1-9EA7-DF5F062CCE02}.Release|x64.ActiveCfg = Release|Any CPU
		{5CF69F83-3FAE-48F1-9EA7-DF5F062CCE02}.Release|x64.Build.0 = Release|Any CPU
		{5CF69F83-3FAE-48F1-9EA7-DF5F062CCE02}.Release|x86.ActiveCfg = Release|Any CPU
		{5CF69F83-3FAE-48F1-9EA7-DF5F062CCE02}.Release|x86.Build.0 = Release|Any CPU
		{5D283FA1-BA19-4263-8A9F-370DE44E25F5}.Debug|Any CPU.ActiveCfg = Debug|Any CPU
		{5D283FA1-BA19-4263-8A9F-370DE44E25F5}.Debug|Any CPU.Build.0 = Debug|Any CPU
		{5D283FA1-BA19-4263-8A9F-370DE44E25F5}.Debug|x64.ActiveCfg = Debug|Any CPU
		{5D283FA1-BA19-4263-8A9F-370DE44E25F5}.Debug|x64.Build.0 = Debug|Any CPU
		{5D283FA1-BA19-4263-8A9F-370DE44E25F5}.Debug|x86.ActiveCfg = Debug|Any CPU
		{5D283FA1-BA19-4263-8A9F-370DE44E25F5}.Debug|x86.Build.0 = Debug|Any CPU
		{5D283FA1-BA19-4263-8A9F-370DE44E25F5}.Release|Any CPU.ActiveCfg = Release|Any CPU
		{5D283FA1-BA19-4263-8A9F-370DE44E25F5}.Release|Any CPU.Build.0 = Release|Any CPU
		{5D283FA1-BA19-4263-8A9F-370DE44E25F5}.Release|x64.ActiveCfg = Release|Any CPU
		{5D283FA1-BA19-4263-8A9F-370DE44E25F5}.Release|x64.Build.0 = Release|Any CPU
		{5D283FA1-BA19-4263-8A9F-370DE44E25F5}.Release|x86.ActiveCfg = Release|Any CPU
		{5D283FA1-BA19-4263-8A9F-370DE44E25F5}.Release|x86.Build.0 = Release|Any CPU
		{D62B8FC3-1340-4BC5-9973-30458D45BEA5}.Debug|Any CPU.ActiveCfg = Debug|Any CPU
		{D62B8FC3-1340-4BC5-9973-30458D45BEA5}.Debug|Any CPU.Build.0 = Debug|Any CPU
		{D62B8FC3-1340-4BC5-9973-30458D45BEA5}.Debug|x64.ActiveCfg = Debug|Any CPU
		{D62B8FC3-1340-4BC5-9973-30458D45BEA5}.Debug|x64.Build.0 = Debug|Any CPU
		{D62B8FC3-1340-4BC5-9973-30458D45BEA5}.Debug|x86.ActiveCfg = Debug|Any CPU
		{D62B8FC3-1340-4BC5-9973-30458D45BEA5}.Debug|x86.Build.0 = Debug|Any CPU
		{D62B8FC3-1340-4BC5-9973-30458D45BEA5}.Release|Any CPU.ActiveCfg = Release|Any CPU
		{D62B8FC3-1340-4BC5-9973-30458D45BEA5}.Release|Any CPU.Build.0 = Release|Any CPU
		{D62B8FC3-1340-4BC5-9973-30458D45BEA5}.Release|x64.ActiveCfg = Release|Any CPU
		{D62B8FC3-1340-4BC5-9973-30458D45BEA5}.Release|x64.Build.0 = Release|Any CPU
		{D62B8FC3-1340-4BC5-9973-30458D45BEA5}.Release|x86.ActiveCfg = Release|Any CPU
		{D62B8FC3-1340-4BC5-9973-30458D45BEA5}.Release|x86.Build.0 = Release|Any CPU
		{191987B9-DB3B-4097-BD35-110C3D88F716}.Debug|Any CPU.ActiveCfg = Debug|Any CPU
		{191987B9-DB3B-4097-BD35-110C3D88F716}.Debug|Any CPU.Build.0 = Debug|Any CPU
		{191987B9-DB3B-4097-BD35-110C3D88F716}.Debug|x64.ActiveCfg = Debug|Any CPU
		{191987B9-DB3B-4097-BD35-110C3D88F716}.Debug|x64.Build.0 = Debug|Any CPU
		{191987B9-DB3B-4097-BD35-110C3D88F716}.Debug|x86.ActiveCfg = Debug|Any CPU
		{191987B9-DB3B-4097-BD35-110C3D88F716}.Debug|x86.Build.0 = Debug|Any CPU
		{191987B9-DB3B-4097-BD35-110C3D88F716}.Release|Any CPU.ActiveCfg = Release|Any CPU
		{191987B9-DB3B-4097-BD35-110C3D88F716}.Release|Any CPU.Build.0 = Release|Any CPU
		{191987B9-DB3B-4097-BD35-110C3D88F716}.Release|x64.ActiveCfg = Release|Any CPU
		{191987B9-DB3B-4097-BD35-110C3D88F716}.Release|x64.Build.0 = Release|Any CPU
		{191987B9-DB3B-4097-BD35-110C3D88F716}.Release|x86.ActiveCfg = Release|Any CPU
		{191987B9-DB3B-4097-BD35-110C3D88F716}.Release|x86.Build.0 = Release|Any CPU
		{7008277F-77D3-4746-B1DB-2A781F30116D}.Debug|Any CPU.ActiveCfg = Debug|Any CPU
		{7008277F-77D3-4746-B1DB-2A781F30116D}.Debug|Any CPU.Build.0 = Debug|Any CPU
		{7008277F-77D3-4746-B1DB-2A781F30116D}.Debug|x64.ActiveCfg = Debug|Any CPU
		{7008277F-77D3-4746-B1DB-2A781F30116D}.Debug|x64.Build.0 = Debug|Any CPU
		{7008277F-77D3-4746-B1DB-2A781F30116D}.Debug|x86.ActiveCfg = Debug|Any CPU
		{7008277F-77D3-4746-B1DB-2A781F30116D}.Debug|x86.Build.0 = Debug|Any CPU
		{7008277F-77D3-4746-B1DB-2A781F30116D}.Release|Any CPU.ActiveCfg = Release|Any CPU
		{7008277F-77D3-4746-B1DB-2A781F30116D}.Release|Any CPU.Build.0 = Release|Any CPU
		{7008277F-77D3-4746-B1DB-2A781F30116D}.Release|x64.ActiveCfg = Release|Any CPU
		{7008277F-77D3-4746-B1DB-2A781F30116D}.Release|x64.Build.0 = Release|Any CPU
		{7008277F-77D3-4746-B1DB-2A781F30116D}.Release|x86.ActiveCfg = Release|Any CPU
		{7008277F-77D3-4746-B1DB-2A781F30116D}.Release|x86.Build.0 = Release|Any CPU
		{6E6C0AB4-DA6D-4C72-9BC5-E125E9EE0A22}.Debug|Any CPU.ActiveCfg = Debug|Any CPU
		{6E6C0AB4-DA6D-4C72-9BC5-E125E9EE0A22}.Debug|Any CPU.Build.0 = Debug|Any CPU
		{6E6C0AB4-DA6D-4C72-9BC5-E125E9EE0A22}.Debug|x64.ActiveCfg = Debug|Any CPU
		{6E6C0AB4-DA6D-4C72-9BC5-E125E9EE0A22}.Debug|x64.Build.0 = Debug|Any CPU
		{6E6C0AB4-DA6D-4C72-9BC5-E125E9EE0A22}.Debug|x86.ActiveCfg = Debug|Any CPU
		{6E6C0AB4-DA6D-4C72-9BC5-E125E9EE0A22}.Debug|x86.Build.0 = Debug|Any CPU
		{6E6C0AB4-DA6D-4C72-9BC5-E125E9EE0A22}.Release|Any CPU.ActiveCfg = Release|Any CPU
		{6E6C0AB4-DA6D-4C72-9BC5-E125E9EE0A22}.Release|Any CPU.Build.0 = Release|Any CPU
		{6E6C0AB4-DA6D-4C72-9BC5-E125E9EE0A22}.Release|x64.ActiveCfg = Release|Any CPU
		{6E6C0AB4-DA6D-4C72-9BC5-E125E9EE0A22}.Release|x64.Build.0 = Release|Any CPU
		{6E6C0AB4-DA6D-4C72-9BC5-E125E9EE0A22}.Release|x86.ActiveCfg = Release|Any CPU
		{6E6C0AB4-DA6D-4C72-9BC5-E125E9EE0A22}.Release|x86.Build.0 = Release|Any CPU
		{A3C047CE-704D-4C70-9C22-6A4934D1F558}.Debug|Any CPU.ActiveCfg = Debug|Any CPU
		{A3C047CE-704D-4C70-9C22-6A4934D1F558}.Debug|Any CPU.Build.0 = Debug|Any CPU
		{A3C047CE-704D-4C70-9C22-6A4934D1F558}.Debug|x64.ActiveCfg = Debug|Any CPU
		{A3C047CE-704D-4C70-9C22-6A4934D1F558}.Debug|x64.Build.0 = Debug|Any CPU
		{A3C047CE-704D-4C70-9C22-6A4934D1F558}.Debug|x86.ActiveCfg = Debug|Any CPU
		{A3C047CE-704D-4C70-9C22-6A4934D1F558}.Debug|x86.Build.0 = Debug|Any CPU
		{A3C047CE-704D-4C70-9C22-6A4934D1F558}.Release|Any CPU.ActiveCfg = Release|Any CPU
		{A3C047CE-704D-4C70-9C22-6A4934D1F558}.Release|Any CPU.Build.0 = Release|Any CPU
		{A3C047CE-704D-4C70-9C22-6A4934D1F558}.Release|x64.ActiveCfg = Release|Any CPU
		{A3C047CE-704D-4C70-9C22-6A4934D1F558}.Release|x64.Build.0 = Release|Any CPU
		{A3C047CE-704D-4C70-9C22-6A4934D1F558}.Release|x86.ActiveCfg = Release|Any CPU
		{A3C047CE-704D-4C70-9C22-6A4934D1F558}.Release|x86.Build.0 = Release|Any CPU
		{D54DA22E-3E16-431B-BCB6-FEEA21052B27}.Debug|Any CPU.ActiveCfg = Debug|Any CPU
		{D54DA22E-3E16-431B-BCB6-FEEA21052B27}.Debug|Any CPU.Build.0 = Debug|Any CPU
		{D54DA22E-3E16-431B-BCB6-FEEA21052B27}.Debug|x64.ActiveCfg = Debug|Any CPU
		{D54DA22E-3E16-431B-BCB6-FEEA21052B27}.Debug|x64.Build.0 = Debug|Any CPU
		{D54DA22E-3E16-431B-BCB6-FEEA21052B27}.Debug|x86.ActiveCfg = Debug|Any CPU
		{D54DA22E-3E16-431B-BCB6-FEEA21052B27}.Debug|x86.Build.0 = Debug|Any CPU
		{D54DA22E-3E16-431B-BCB6-FEEA21052B27}.Release|Any CPU.ActiveCfg = Release|Any CPU
		{D54DA22E-3E16-431B-BCB6-FEEA21052B27}.Release|Any CPU.Build.0 = Release|Any CPU
		{D54DA22E-3E16-431B-BCB6-FEEA21052B27}.Release|x64.ActiveCfg = Release|Any CPU
		{D54DA22E-3E16-431B-BCB6-FEEA21052B27}.Release|x64.Build.0 = Release|Any CPU
		{D54DA22E-3E16-431B-BCB6-FEEA21052B27}.Release|x86.ActiveCfg = Release|Any CPU
		{D54DA22E-3E16-431B-BCB6-FEEA21052B27}.Release|x86.Build.0 = Release|Any CPU
		{B1243E16-9D29-48F3-8E93-606815DD4CDD}.Debug|Any CPU.ActiveCfg = Debug|Any CPU
		{B1243E16-9D29-48F3-8E93-606815DD4CDD}.Debug|Any CPU.Build.0 = Debug|Any CPU
		{B1243E16-9D29-48F3-8E93-606815DD4CDD}.Debug|x64.ActiveCfg = Debug|Any CPU
		{B1243E16-9D29-48F3-8E93-606815DD4CDD}.Debug|x64.Build.0 = Debug|Any CPU
		{B1243E16-9D29-48F3-8E93-606815DD4CDD}.Debug|x86.ActiveCfg = Debug|Any CPU
		{B1243E16-9D29-48F3-8E93-606815DD4CDD}.Debug|x86.Build.0 = Debug|Any CPU
		{B1243E16-9D29-48F3-8E93-606815DD4CDD}.Release|Any CPU.ActiveCfg = Release|Any CPU
		{B1243E16-9D29-48F3-8E93-606815DD4CDD}.Release|Any CPU.Build.0 = Release|Any CPU
		{B1243E16-9D29-48F3-8E93-606815DD4CDD}.Release|x64.ActiveCfg = Release|Any CPU
		{B1243E16-9D29-48F3-8E93-606815DD4CDD}.Release|x64.Build.0 = Release|Any CPU
		{B1243E16-9D29-48F3-8E93-606815DD4CDD}.Release|x86.ActiveCfg = Release|Any CPU
		{B1243E16-9D29-48F3-8E93-606815DD4CDD}.Release|x86.Build.0 = Release|Any CPU
	EndGlobalSection
	GlobalSection(SolutionProperties) = preSolution
		HideSolutionNode = FALSE
	EndGlobalSection
	GlobalSection(NestedProjects) = preSolution
		{87EDA1D2-4B5B-E524-38CE-D0BFCA5F4D6B} = {827E0CD3-B72D-47B6-A68D-7590B98EB39B}
		{82F95946-F5E9-4295-9C32-C50107569113} = {0AB3BF05-4346-4AA6-1389-037BE0695223}
		{262AD4EC-74E6-4C4E-8F4A-D4CBFD72E26A} = {827E0CD3-B72D-47B6-A68D-7590B98EB39B}
		{C9F92D33-B444-40FE-A121-3F3E48D606E5} = {0AB3BF05-4346-4AA6-1389-037BE0695223}
		{F9BC79A6-6325-4B3E-A0E9-BB6293A68BBF} = {827E0CD3-B72D-47B6-A68D-7590B98EB39B}
		{7EED0F7A-3A1C-4ED7-9F49-53EAF8BA4C35} = {827E0CD3-B72D-47B6-A68D-7590B98EB39B}
		{5CF69F83-3FAE-48F1-9EA7-DF5F062CCE02} = {0AB3BF05-4346-4AA6-1389-037BE0695223}
		{5D283FA1-BA19-4263-8A9F-370DE44E25F5} = {827E0CD3-B72D-47B6-A68D-7590B98EB39B}
		{D62B8FC3-1340-4BC5-9973-30458D45BEA5} = {827E0CD3-B72D-47B6-A68D-7590B98EB39B}
		{191987B9-DB3B-4097-BD35-110C3D88F716} = {827E0CD3-B72D-47B6-A68D-7590B98EB39B}
		{7008277F-77D3-4746-B1DB-2A781F30116D} = {827E0CD3-B72D-47B6-A68D-7590B98EB39B}
		{6E6C0AB4-DA6D-4C72-9BC5-E125E9EE0A22} = {827E0CD3-B72D-47B6-A68D-7590B98EB39B}
		{A3C047CE-704D-4C70-9C22-6A4934D1F558} = {827E0CD3-B72D-47B6-A68D-7590B98EB39B}
		{D54DA22E-3E16-431B-BCB6-FEEA21052B27} = {0AB3BF05-4346-4AA6-1389-037BE0695223}
		{B1243E16-9D29-48F3-8E93-606815DD4CDD} = {827E0CD3-B72D-47B6-A68D-7590B98EB39B}
	EndGlobalSection
	GlobalSection(ExtensibilityGlobals) = postSolution
		SolutionGuid = {CB01AD79-E8EF-439F-9C49-A77E39A9BF4D}
	EndGlobalSection
EndGlobal
